<?xml version="1.0" encoding="utf-8"?>
<Project ToolsVersion="4.0" xmlns="http://schemas.microsoft.com/developer/msbuild/2003">
  <ItemGroup>
    <Filter Include="Source Files">
      <UniqueIdentifier>{4FC737F1-C7A5-4376-A066-2A32D752A2FF}</UniqueIdentifier>
      <Extensions>cpp;c;cc;cxx;c++;cppm;ixx;def;odl;idl;hpj;bat;asm;asmx</Extensions>
    </Filter>
    <Filter Include="Header Files">
      <UniqueIdentifier>{93995380-89BD-4b04-88EB-625FBE52EBFB}</UniqueIdentifier>
      <Extensions>h;hh;hpp;hxx;h++;hm;inl;inc;ipp;xsd</Extensions>
    </Filter>
    <Filter Include="Resource Files">
      <UniqueIdentifier>{67DA6AB6-F800-4c08-8B7A-83BB121AAD01}</UniqueIdentifier>
      <Extensions>rc;ico;cur;bmp;dlg;rc2;rct;bin;rgs;gif;jpg;jpeg;jpe;resx;tiff;tif;png;wav;mfcribbon-ms</Extensions>
    </Filter>
  </ItemGroup>
  <ItemGroup>
    <ClCompile Include="game_crossing.cpp">
      <Filter>Source Files</Filter>
    </ClCompile>
    <ClCompile Include="src\EndlessMap.cpp">
      <Filter>Source Files</Filter>
    </ClCompile>
    <ClCompile Include="src\CharacterRenderer.cpp">
      <Filter>Source Files</Filter>
    </ClCompile>
    <ClCompile Include="src\CPlayer.cpp">
      <Filter>Source Files</Filter>
    </ClCompile>
    <ClCompile Include="src\Button.cpp">
      <Filter>Source Files</Filter>
    </ClCompile>
    <ClCompile Include="src\UIManager.cpp">
      <Filter>Source Files</Filter>
    </ClCompile>
    <ClCompile Include="src\persistence\SaveStore.cpp">
      <Filter>Source Files</Filter>
    </ClCompile>
    <ClCompile Include="src\persistence\RankingStore.cpp">
      <Filter>Source Files</Filter>
    </ClCompile>
    <ClCompile Include="src\persistence\SettingsStore.cpp">
      <Filter>Source Files</Filter>
    </ClCompile>
    <ClCompile Include="src\persistence\ProgressStore.cpp">
      <Filter>Source Files</Filter>
    </ClCompile>
    <ClCompile Include="src\CAnimal.cpp">
      <Filter>Source Files</Filter>
    </ClCompile>
    <ClCompile Include="src\CVehicle.cpp">
      <Filter>Source Files</Filter>
    </ClCompile>
    <ClCompile Include="src\CGameObject.cpp">
      <Filter>Source Files</Filter>
    </ClCompile>
    <ClCompile Include="src\CGameObstacle.cpp">
      <Filter>Source Files</Filter>
    </ClCompile>
    <ClCompile Include="src\CCar.cpp">
      <Filter>Source Files</Filter>
    </ClCompile>
    <ClCompile Include="src\CTruck.cpp">
      <Filter>Source Files</Filter>
    </ClCompile>
    <ClCompile Include="src\CCat.cpp">
      <Filter>Source Files</Filter>
    </ClCompile>
    <ClCompile Include="src\CDeer.cpp">
      <Filter>Source Files</Filter>
    </ClCompile>
  </ItemGroup>
  <ItemGroup>
    <ClInclude Include="include\EndlessMap.h">
      <Filter>Header Files</Filter>
    </ClInclude>
    <ClInclude Include="include\ClassicMap.h">
      <Filter>Header Files</Filter>
    </ClInclude>
    <ClInclude Include="include\Grid.h">
      <Filter>Header Files</Filter>
    </ClInclude>
    <ClInclude Include="include\CharacterRenderer.h">
      <Filter>Header Files</Filter>
    </ClInclude>
    <ClInclude Include="include\CPlayer.h">
      <Filter>Header Files</Filter>
    </ClInclude>
    <ClInclude Include="include\Button.h">
      <Filter>Header Files</Filter>
    </ClInclude>
    <ClInclude Include="include\UIManager.h">
      <Filter>Header Files</Filter>
    </ClInclude>
    <ClInclude Include="include\UIState.h">
      <Filter>Header Files</Filter>
    </ClInclude>
    <ClInclude Include="include\persistence\PlayerProfile.h">
      <Filter>Header Files</Filter>
    </ClInclude>
    <ClInclude Include="include\persistence\SaveStore.h">
      <Filter>Header Files</Filter>
    </ClInclude>
    <ClInclude Include="include\persistence\RankingStore.h">
      <Filter>Header Files</Filter>
    </ClInclude>
    <ClInclude Include="include\persistence\SettingsStore.h">
      <Filter>Header Files</Filter>
    </ClInclude>
    <ClInclude Include="include\persistence\ProgressStore.h">
      <Filter>Header Files</Filter>
    </ClInclude>
    <ClInclude Include="include\CAnimal.h">
      <Filter>Header Files</Filter>
    </ClInclude>
    <ClInclude Include="include\CVehicle.h">
      <Filter>Header Files</Filter>
    </ClInclude>
    <ClInclude Include="include\CGameObject.h">
      <Filter>Header Files</Filter>
    </ClInclude>
    <ClInclude Include="include\CGameObstacle.h">
      <Filter>Header Files</Filter>
    </ClInclude>
    <ClInclude Include="include\CCar.h">
      <Filter>Header Files</Filter>
    </ClInclude>
    <ClInclude Include="include\CTruck.h">
      <Filter>Header Files</Filter>
    </ClInclude>
    <ClInclude Include="include\CCat.h">
      <Filter>Header Files</Filter>
    </ClInclude>
    <ClInclude Include="include\CDeer.h">
      <Filter>Header Files</Filter>
    </ClInclude>
  </ItemGroup>
</Project>
